schema: '2.0'
stages:
  candidates:
    cmd: python pipelines/candidates.py
    deps:
    - path: data/lookup_party.csv
      hash: md5
      md5: 5db9797fb53aa9fd4739a504495f5f8f
      size: 153
    - path: pipelines/candidates.py
      hash: md5
      md5: 1c0fbc847631c101775b6cb1aa7e728b
      size: 2080
    outs:
    - path: src/_data/candidates.json
      hash: md5
      md5: 917ee0c0dbd5527a2216b7eb87fcb793
      size: 1854801
    - path: src/_data/party_summary.json
      hash: md5
      md5: 49629d9976cf1b6fc10a7b86fc7845f2
      size: 545
  notional:
    cmd: python pipelines/notional.py
    deps:
    - path: pipelines/notional.py
      hash: md5
      md5: f69857443d6885127f2f52672ee8d060
      size: 1026
    outs:
    - path: src/_data/notional.json
      hash: md5
      md5: 8388c6c52b949b4cae26fdd166e7d6b3
      size: 97439
