schema: '2.0'
stages:
  candidates:
    cmd: python pipelines/candidates.py
    deps:
    - path: data/lookup_party.csv
      hash: md5
      md5: 5db9797fb53aa9fd4739a504495f5f8f
      size: 153
    - path: pipelines/candidates.py
      hash: md5
      md5: 04749eebd262b60496da245cd440671e
      size: 2281
    outs:
    - path: data/candidates.csv
      hash: md5
      md5: e424393dbed6ea0ff310fdaa173bd890
      size: 997949
    - path: src/_data/party_summary.json
      hash: md5
      md5: 49629d9976cf1b6fc10a7b86fc7845f2
      size: 545
  notional:
    cmd: python pipelines/notional.py
    deps:
    - path: pipelines/notional.py
      hash: md5
      md5: f69857443d6885127f2f52672ee8d060
      size: 1026
    outs:
    - path: src/_data/notional.json
      hash: md5
      md5: 8388c6c52b949b4cae26fdd166e7d6b3
      size: 97439
  results:
    cmd: python pipelines/results.py
    deps:
    - path: data/candidates.csv
      hash: md5
      md5: e424393dbed6ea0ff310fdaa173bd890
      size: 997949
    - path: pipelines/results.py
      hash: md5
      md5: 876c2ab90d5bd38c1daf16953d5c5b42
      size: 1804
