schema: '2.0'
stages:
  candidates:
    cmd: python pipelines/candidates.py
    deps:
    - path: data/lookup_party.csv
      hash: md5
      md5: 63bb7611490e1336f3c8d83db772e283
      size: 235
    - path: pipelines/candidates.py
      hash: md5
      md5: 04749eebd262b60496da245cd440671e
      size: 2281
    outs:
    - path: data/candidates.csv
      hash: md5
      md5: 168da2b59f709908d2c2a077687aa76a
      size: 1002930
    - path: src/_data/party_summary.json
      hash: md5
      md5: fe5824fe9bd802e21227f90ff577176a
      size: 960
  notional:
    cmd: python pipelines/notional.py
    deps:
    - path: pipelines/notional.py
      hash: md5
      md5: f69857443d6885127f2f52672ee8d060
      size: 1026
    outs:
    - path: src/_data/notional.json
      hash: md5
      md5: 8388c6c52b949b4cae26fdd166e7d6b3
      size: 97439
  results:
    cmd: python pipelines/results.py
    deps:
    - path: data/candidates.csv
      hash: md5
      md5: 168da2b59f709908d2c2a077687aa76a
      size: 1002930
    - path: pipelines/results.py
      hash: md5
      md5: c52a7933b4eeb437b814731614ff13b0
      size: 1902
